# This file is automatically @generated by Cargo.
# It is not intended for manual editing.
version = 4

[[package]]
name = "memchr"
version = "2.7.4"
source = "registry+https://github.com/rust-lang/crates.io-index"
checksum = "78ca9ab1a0babb1e7d5695e3530886289c18cf2f87ec19a575a0abdce112e3a3"

[[package]]
name = "nostd"
version = "0.1.4"
source = "registry+https://github.com/rust-lang/crates.io-index"
checksum = "fa3dd4c68516f7c5a1838eda0de376d4bc3c2aba3893da0ca2cf400bbc18435f"
dependencies = [
 "memchr",
]

[[package]]
name = "quid"
version = "0.1.1"
dependencies = [
 "nostd",
]
